
Microsoft Visual Studio Solution File, Format Version 12.00
# Visual Studio Version 16
VisualStudioVersion = 16.0.31515.178
MinimumVisualStudioVersion = 10.0.40219.1
Project("{FAE04EC0-301F-11D3-BF4B-00C04F79EFBC}") = "lab3MVC", "lab3MVC\lab3MVC.csproj", "{E87F99F9-059A-46A8-A6A4-1DB16CB244D8}"
EndProject
Global
	GlobalSection(SolutionConfigurationPlatforms) = preSolution
		Debug|Any CPU = Debug|Any CPU
		Release|Any CPU = Release|Any CPU
	EndGlobalSection
	GlobalSection(ProjectConfigurationPlatforms) = postSolution
		{E87F99F9-059A-46A8-A6A4-1DB16CB244D8}.Debug|Any CPU.ActiveCfg = Debug|Any CPU
		{E87F99F9-059A-46A8-A6A4-1DB16CB244D8}.Debug|Any CPU.Build.0 = Debug|Any CPU
		{E87F99F9-059A-46A8-A6A4-1DB16CB244D8}.Release|Any CPU.ActiveCfg = Release|Any CPU
		{E87F99F9-059A-46A8-A6A4-1DB16CB244D8}.Release|Any CPU.Build.0 = Release|Any CPU
	EndGlobalSection
	GlobalSection(SolutionProperties) = preSolution
		HideSolutionNode = FALSE
	EndGlobalSection
	GlobalSection(ExtensibilityGlobals) = postSolution
		SolutionGuid = {3CCD0BA0-3831-4667-A1BB-258093D0E050}
	EndGlobalSection
EndGlobal
